
Microsoft Visual Studio Solution File, Format Version 12.00
# Visual Studio Version 16
VisualStudioVersion = 16.0.30907.101
MinimumVisualStudioVersion = 10.0.40219.1
Project("{FAE04EC0-301F-11D3-BF4B-00C04F79EFBC}") = "WebDemo", "WebDemo.csproj", "{F5DA977D-4147-4AAD-A657-82185DB70A7D}"
EndProject
Global
	GlobalSection(SolutionConfigurationPlatforms) = preSolution
		Debug|Any CPU = Debug|Any CPU
		Release|Any CPU = Release|Any CPU
	EndGlobalSection
	GlobalSection(ProjectConfigurationPlatforms) = postSolution
		{F5DA977D-4147-4AAD-A657-82185DB70A7D}.Debug|Any CPU.ActiveCfg = Debug|Any CPU
		{F5DA977D-4147-4AAD-A657-82185DB70A7D}.Debug|Any CPU.Build.0 = Debug|Any CPU
		{F5DA977D-4147-4AAD-A657-82185DB70A7D}.Release|Any CPU.ActiveCfg = Release|Any CPU
		{F5DA977D-4147-4AAD-A657-82185DB70A7D}.Release|Any CPU.Build.0 = Release|Any CPU
	EndGlobalSection
	GlobalSection(SolutionProperties) = preSolution
		HideSolutionNode = FALSE
	EndGlobalSection
	GlobalSection(ExtensibilityGlobals) = postSolution
		SolutionGuid = {44734A63-4522-41D0-BE66-992E8FDDDD7C}
	EndGlobalSection
EndGlobal
